
Microsoft Visual Studio Solution File, Format Version 12.00
# Visual Studio Version 16
VisualStudioVersion = 16.0.29911.84
MinimumVisualStudioVersion = 10.0.40219.1
Project("{FAE04EC0-301F-11D3-BF4B-00C04F79EFBC}") = "OS4", "OS4\OS4.csproj", "{0C76789F-C0E9-41CA-A1B1-14127F310E89}"
EndProject
Global
	GlobalSection(SolutionConfigurationPlatforms) = preSolution
		Debug|Any CPU = Debug|Any CPU
		Release|Any CPU = Release|Any CPU
	EndGlobalSection
	GlobalSection(ProjectConfigurationPlatforms) = postSolution
		{0C76789F-C0E9-41CA-A1B1-14127F310E89}.Debug|Any CPU.ActiveCfg = Debug|Any CPU
		{0C76789F-C0E9-41CA-A1B1-14127F310E89}.Debug|Any CPU.Build.0 = Debug|Any CPU
		{0C76789F-C0E9-41CA-A1B1-14127F310E89}.Release|Any CPU.ActiveCfg = Release|Any CPU
		{0C76789F-C0E9-41CA-A1B1-14127F310E89}.Release|Any CPU.Build.0 = Release|Any CPU
	EndGlobalSection
	GlobalSection(SolutionProperties) = preSolution
		HideSolutionNode = FALSE
	EndGlobalSection
	GlobalSection(ExtensibilityGlobals) = postSolution
		SolutionGuid = {F4C99072-664D-4652-B174-83BA26A093F7}
	EndGlobalSection
EndGlobal
