
Microsoft Visual Studio Solution File, Format Version 12.00
# Visual Studio Version 16
VisualStudioVersion = 16.0.29911.84
MinimumVisualStudioVersion = 10.0.40219.1
Project("{FAE04EC0-301F-11D3-BF4B-00C04F79EFBC}") = "OS6", "OS6\OS6.csproj", "{FF349F16-F159-49F4-9884-E802EF492263}"
EndProject
Global
	GlobalSection(SolutionConfigurationPlatforms) = preSolution
		Debug|Any CPU = Debug|Any CPU
		Release|Any CPU = Release|Any CPU
	EndGlobalSection
	GlobalSection(ProjectConfigurationPlatforms) = postSolution
		{FF349F16-F159-49F4-9884-E802EF492263}.Debug|Any CPU.ActiveCfg = Debug|Any CPU
		{FF349F16-F159-49F4-9884-E802EF492263}.Debug|Any CPU.Build.0 = Debug|Any CPU
		{FF349F16-F159-49F4-9884-E802EF492263}.Release|Any CPU.ActiveCfg = Release|Any CPU
		{FF349F16-F159-49F4-9884-E802EF492263}.Release|Any CPU.Build.0 = Release|Any CPU
	EndGlobalSection
	GlobalSection(SolutionProperties) = preSolution
		HideSolutionNode = FALSE
	EndGlobalSection
	GlobalSection(ExtensibilityGlobals) = postSolution
		SolutionGuid = {61FC3BA8-C297-4ECC-BF49-FAD2715AF2CB}
	EndGlobalSection
EndGlobal
